
Microsoft Visual Studio Solution File, Format Version 12.00
# Visual Studio Version 16
VisualStudioVersion = 16.0.31624.102
MinimumVisualStudioVersion = 10.0.40219.1
Project("{FAE04EC0-301F-11D3-BF4B-00C04F79EFBC}") = "Shell", "Shell\Shell.csproj", "{D30F247B-6588-4564-8BB3-4A0AC0964411}"
EndProject
Project("{FAE04EC0-301F-11D3-BF4B-00C04F79EFBC}") = "Sample", "Sample\Sample.csproj", "{6BBD3E53-343C-4BFA-AA85-503BE5B68C55}"
EndProject
Global
	GlobalSection(SolutionConfigurationPlatforms) = preSolution
		Debug|Any CPU = Debug|Any CPU
		Release|Any CPU = Release|Any CPU
	EndGlobalSection
	GlobalSection(ProjectConfigurationPlatforms) = postSolution
		{D30F247B-6588-4564-8BB3-4A0AC0964411}.Debug|Any CPU.ActiveCfg = Debug|Any CPU
		{D30F247B-6588-4564-8BB3-4A0AC0964411}.Debug|Any CPU.Build.0 = Debug|Any CPU
		{D30F247B-6588-4564-8BB3-4A0AC0964411}.Release|Any CPU.ActiveCfg = Release|Any CPU
		{D30F247B-6588-4564-8BB3-4A0AC0964411}.Release|Any CPU.Build.0 = Release|Any CPU
		{6BBD3E53-343C-4BFA-AA85-503BE5B68C55}.Debug|Any CPU.ActiveCfg = Debug|Any CPU
		{6BBD3E53-343C-4BFA-AA85-503BE5B68C55}.Debug|Any CPU.Build.0 = Debug|Any CPU
		{6BBD3E53-343C-4BFA-AA85-503BE5B68C55}.Release|Any CPU.ActiveCfg = Release|Any CPU
		{6BBD3E53-343C-4BFA-AA85-503BE5B68C55}.Release|Any CPU.Build.0 = Release|Any CPU
	EndGlobalSection
	GlobalSection(SolutionProperties) = preSolution
		HideSolutionNode = FALSE
	EndGlobalSection
	GlobalSection(ExtensibilityGlobals) = postSolution
		SolutionGuid = {2BE48CF0-8850-4236-9D72-8653F0DDEEB3}
	EndGlobalSection
EndGlobal
