
Microsoft Visual Studio Solution File, Format Version 12.00
# Visual Studio Version 17
VisualStudioVersion = 17.2.32616.157
MinimumVisualStudioVersion = 10.0.40219.1
Project("{FAE04EC0-301F-11D3-BF4B-00C04F79EFBC}") = "Net6PrismMahAppsTemplate", "Net6PrismMahAppsTemplate\Net6PrismMahAppsTemplate.csproj", "{3989355B-BD3B-4000-9EDE-7D5CA23F8A30}"
EndProject
Global
	GlobalSection(SolutionConfigurationPlatforms) = preSolution
		Debug|Any CPU = Debug|Any CPU
		Release|Any CPU = Release|Any CPU
	EndGlobalSection
	GlobalSection(ProjectConfigurationPlatforms) = postSolution
		{3989355B-BD3B-4000-9EDE-7D5CA23F8A30}.Debug|Any CPU.ActiveCfg = Debug|Any CPU
		{3989355B-BD3B-4000-9EDE-7D5CA23F8A30}.Debug|Any CPU.Build.0 = Debug|Any CPU
		{3989355B-BD3B-4000-9EDE-7D5CA23F8A30}.Release|Any CPU.ActiveCfg = Release|Any CPU
		{3989355B-BD3B-4000-9EDE-7D5CA23F8A30}.Release|Any CPU.Build.0 = Release|Any CPU
	EndGlobalSection
	GlobalSection(SolutionProperties) = preSolution
		HideSolutionNode = FALSE
	EndGlobalSection
	GlobalSection(ExtensibilityGlobals) = postSolution
		SolutionGuid = {8FB22971-77E8-42CA-8183-EF17E5F04818}
	EndGlobalSection
EndGlobal
